
Microsoft Visual Studio Solution File, Format Version 12.00
# Visual Studio Version 16
VisualStudioVersion = 16.0.30717.126
MinimumVisualStudioVersion = 10.0.40219.1
Project("{FAE04EC0-301F-11D3-BF4B-00C04F79EFBC}") = "Palindrome", "Palindrome\Palindrome.csproj", "{295BBA6D-171B-4705-A2A1-EE689D4F0564}"
EndProject
Global
	GlobalSection(SolutionConfigurationPlatforms) = preSolution
		Debug|Any CPU = Debug|Any CPU
		Release|Any CPU = Release|Any CPU
	EndGlobalSection
	GlobalSection(ProjectConfigurationPlatforms) = postSolution
		{295BBA6D-171B-4705-A2A1-EE689D4F0564}.Debug|Any CPU.ActiveCfg = Debug|Any CPU
		{295BBA6D-171B-4705-A2A1-EE689D4F0564}.Debug|Any CPU.Build.0 = Debug|Any CPU
		{295BBA6D-171B-4705-A2A1-EE689D4F0564}.Release|Any CPU.ActiveCfg = Release|Any CPU
		{295BBA6D-171B-4705-A2A1-EE689D4F0564}.Release|Any CPU.Build.0 = Release|Any CPU
	EndGlobalSection
	GlobalSection(SolutionProperties) = preSolution
		HideSolutionNode = FALSE
	EndGlobalSection
	GlobalSection(ExtensibilityGlobals) = postSolution
		SolutionGuid = {0C38C354-21DA-4FC0-9277-AAD65E94EEAD}
	EndGlobalSection
EndGlobal
